
Microsoft Visual Studio Solution File, Format Version 12.00
# Visual Studio Version 17
VisualStudioVersion = 17.2.32630.192
MinimumVisualStudioVersion = 10.0.40219.1
Project("{9A19103F-16F7-4668-BE54-9A1E7A4F7556}") = "D8S.L0017", "D8S.L0017\D8S.L0017.csproj", "{D5B66ADA-8B7A-4C43-AB5D-1EB38D2D339C}"
EndProject
Project("{9A19103F-16F7-4668-BE54-9A1E7A4F7556}") = "D8S.L0017.F000", "D8S.L0017.F000\D8S.L0017.F000.csproj", "{EBAB1B32-8FD1-4687-AF8D-2C3826D713E8}"
EndProject
Project("{2150E333-8FDC-42A3-9474-1A3956D46DE8}") = "_Dependencies", "_Dependencies", "{A39B0994-B6F1-4724-9818-2FB17B1FCB75}"
EndProject
Project("{9A19103F-16F7-4668-BE54-9A1E7A4F7556}") = "R5T.T0131", "..\..\..\SafetyCone\R5T.T0131\source\R5T.T0131\R5T.T0131.csproj", "{FF9090FB-3F7C-434C-8720-F213624A69D7}"
EndProject
Project("{9A19103F-16F7-4668-BE54-9A1E7A4F7556}") = "R5T.T0132", "..\..\..\SafetyCone\R5T.T0132\source\R5T.T0132\R5T.T0132.csproj", "{AB0B63B1-9986-4E67-9156-2D7C6078AF2C}"
EndProject
Project("{9A19103F-16F7-4668-BE54-9A1E7A4F7556}") = "R5T.T0143", "..\..\..\SafetyCone\R5T.T0143\source\R5T.T0143\R5T.T0143.csproj", "{2047151E-E6CB-42F2-BADC-B2D0A44C9746}"
EndProject
Project("{9A19103F-16F7-4668-BE54-9A1E7A4F7556}") = "R5T.T0156", "..\..\..\SafetyCone\R5T.T0156\source\R5T.T0156\R5T.T0156.csproj", "{614CF168-712E-4713-92B4-C96778284228}"
EndProject
Project("{9A19103F-16F7-4668-BE54-9A1E7A4F7556}") = "D8S.Y0002.Y000", "..\..\D8S.Y0002\source\D8S.Y0002.Y000\D8S.Y0002.Y000.csproj", "{BF9E7586-6480-4F52-9D16-EDFC7BAA4A8A}"
EndProject
Project("{9A19103F-16F7-4668-BE54-9A1E7A4F7556}") = "D8S.L0017.L000", "D8S.L0017.L000\D8S.L0017.L000.csproj", "{B081F819-15D1-4E9D-86DC-7967E1B4B86C}"
EndProject
Project("{9A19103F-16F7-4668-BE54-9A1E7A4F7556}") = "D8S.L0017.L001", "D8S.L0017.L001\D8S.L0017.L001.csproj", "{D1D98321-B082-4CD5-8B47-04DAB05ECB82}"
EndProject
Project("{9A19103F-16F7-4668-BE54-9A1E7A4F7556}") = "D8S.L0017.Z000", "D8S.L0017.Z000\D8S.L0017.Z000.csproj", "{92B051BE-665B-4537-A58B-F4CA067CA1D0}"
EndProject
Project("{9A19103F-16F7-4668-BE54-9A1E7A4F7556}") = "F10Y.L0000", "..\..\..\Functionairy\F10Y.L0000\source\F10Y.L0000\F10Y.L0000.csproj", "{341C6A43-C7DC-4108-AC03-050BED779FB4}"
EndProject
Project("{9A19103F-16F7-4668-BE54-9A1E7A4F7556}") = "F10Y.T0000", "..\..\..\Functionairy\F10Y.T0000\source\F10Y.T0000\F10Y.T0000.csproj", "{0B43F594-0A67-4B4E-AC62-763BC73D389A}"
EndProject
Project("{9A19103F-16F7-4668-BE54-9A1E7A4F7556}") = "F10Y.T0001", "..\..\..\Functionairy\F10Y.T0001\source\F10Y.T0001\F10Y.T0001.csproj", "{53AA79BF-C0A8-473D-858F-569789856E6E}"
EndProject
Project("{9A19103F-16F7-4668-BE54-9A1E7A4F7556}") = "F10Y.T0002", "..\..\..\Functionairy\F10Y.T0002\source\F10Y.T0002\F10Y.T0002.csproj", "{655608B3-9B67-4E4B-B0CC-1657F9163D69}"
EndProject
Project("{9A19103F-16F7-4668-BE54-9A1E7A4F7556}") = "F10Y.T0003", "..\..\..\Functionairy\F10Y.T0003\source\F10Y.T0003\F10Y.T0003.csproj", "{6E4FE3AE-C2E4-4871-AB1E-135520266529}"
EndProject
Project("{9A19103F-16F7-4668-BE54-9A1E7A4F7556}") = "F10Y.T0004", "..\..\..\Functionairy\F10Y.T0004\source\F10Y.T0004\F10Y.T0004.csproj", "{1F279659-882B-4185-8CE3-B453B909A9D3}"
EndProject
Project("{9A19103F-16F7-4668-BE54-9A1E7A4F7556}") = "F10Y.Y0000", "..\..\..\Functionairy\F10Y.Y0000\source\F10Y.Y0000\F10Y.Y0000.csproj", "{FD5A61F5-E4EE-4D88-A2F1-E7BB1E6D510A}"
EndProject
Global
	GlobalSection(NestedProjects) = preSolution
		{FF9090FB-3F7C-434C-8720-F213624A69D7} = {A39B0994-B6F1-4724-9818-2FB17B1FCB75}
		{AB0B63B1-9986-4E67-9156-2D7C6078AF2C} = {A39B0994-B6F1-4724-9818-2FB17B1FCB75}
		{2047151E-E6CB-42F2-BADC-B2D0A44C9746} = {A39B0994-B6F1-4724-9818-2FB17B1FCB75}
		{614CF168-712E-4713-92B4-C96778284228} = {A39B0994-B6F1-4724-9818-2FB17B1FCB75}
		{BF9E7586-6480-4F52-9D16-EDFC7BAA4A8A} = {A39B0994-B6F1-4724-9818-2FB17B1FCB75}
		{341C6A43-C7DC-4108-AC03-050BED779FB4} = {A39B0994-B6F1-4724-9818-2FB17B1FCB75}
		{0B43F594-0A67-4B4E-AC62-763BC73D389A} = {A39B0994-B6F1-4724-9818-2FB17B1FCB75}
		{53AA79BF-C0A8-473D-858F-569789856E6E} = {A39B0994-B6F1-4724-9818-2FB17B1FCB75}
		{655608B3-9B67-4E4B-B0CC-1657F9163D69} = {A39B0994-B6F1-4724-9818-2FB17B1FCB75}
		{6E4FE3AE-C2E4-4871-AB1E-135520266529} = {A39B0994-B6F1-4724-9818-2FB17B1FCB75}
		{1F279659-882B-4185-8CE3-B453B909A9D3} = {A39B0994-B6F1-4724-9818-2FB17B1FCB75}
		{FD5A61F5-E4EE-4D88-A2F1-E7BB1E6D510A} = {A39B0994-B6F1-4724-9818-2FB17B1FCB75}
	EndGlobalSection
	GlobalSection(SolutionConfigurationPlatforms) = preSolution
		Debug|Any CPU = Debug|Any CPU
		Release|Any CPU = Release|Any CPU
	EndGlobalSection
	GlobalSection(ProjectConfigurationPlatforms) = postSolution
		{D5B66ADA-8B7A-4C43-AB5D-1EB38D2D339C}.Debug|Any CPU.ActiveCfg = Debug|Any CPU
		{D5B66ADA-8B7A-4C43-AB5D-1EB38D2D339C}.Debug|Any CPU.Build.0 = Debug|Any CPU
		{D5B66ADA-8B7A-4C43-AB5D-1EB38D2D339C}.Release|Any CPU.ActiveCfg = Release|Any CPU
		{D5B66ADA-8B7A-4C43-AB5D-1EB38D2D339C}.Release|Any CPU.Build.0 = Release|Any CPU
		{EBAB1B32-8FD1-4687-AF8D-2C3826D713E8}.Debug|Any CPU.ActiveCfg = Debug|Any CPU
		{EBAB1B32-8FD1-4687-AF8D-2C3826D713E8}.Debug|Any CPU.Build.0 = Debug|Any CPU
		{EBAB1B32-8FD1-4687-AF8D-2C3826D713E8}.Release|Any CPU.ActiveCfg = Release|Any CPU
		{EBAB1B32-8FD1-4687-AF8D-2C3826D713E8}.Release|Any CPU.Build.0 = Release|Any CPU
		{FF9090FB-3F7C-434C-8720-F213624A69D7}.Debug|Any CPU.ActiveCfg = Debug|Any CPU
		{FF9090FB-3F7C-434C-8720-F213624A69D7}.Debug|Any CPU.Build.0 = Debug|Any CPU
		{FF9090FB-3F7C-434C-8720-F213624A69D7}.Release|Any CPU.ActiveCfg = Release|Any CPU
		{FF9090FB-3F7C-434C-8720-F213624A69D7}.Release|Any CPU.Build.0 = Release|Any CPU
		{AB0B63B1-9986-4E67-9156-2D7C6078AF2C}.Debug|Any CPU.ActiveCfg = Debug|Any CPU
		{AB0B63B1-9986-4E67-9156-2D7C6078AF2C}.Debug|Any CPU.Build.0 = Debug|Any CPU
		{AB0B63B1-9986-4E67-9156-2D7C6078AF2C}.Release|Any CPU.ActiveCfg = Release|Any CPU
		{AB0B63B1-9986-4E67-9156-2D7C6078AF2C}.Release|Any CPU.Build.0 = Release|Any CPU
		{2047151E-E6CB-42F2-BADC-B2D0A44C9746}.Debug|Any CPU.ActiveCfg = Debug|Any CPU
		{2047151E-E6CB-42F2-BADC-B2D0A44C9746}.Debug|Any CPU.Build.0 = Debug|Any CPU
		{2047151E-E6CB-42F2-BADC-B2D0A44C9746}.Release|Any CPU.ActiveCfg = Release|Any CPU
		{2047151E-E6CB-42F2-BADC-B2D0A44C9746}.Release|Any CPU.Build.0 = Release|Any CPU
		{614CF168-712E-4713-92B4-C96778284228}.Debug|Any CPU.ActiveCfg = Debug|Any CPU
		{614CF168-712E-4713-92B4-C96778284228}.Debug|Any CPU.Build.0 = Debug|Any CPU
		{614CF168-712E-4713-92B4-C96778284228}.Release|Any CPU.ActiveCfg = Release|Any CPU
		{614CF168-712E-4713-92B4-C96778284228}.Release|Any CPU.Build.0 = Release|Any CPU
		{BF9E7586-6480-4F52-9D16-EDFC7BAA4A8A}.Debug|Any CPU.ActiveCfg = Debug|Any CPU
		{BF9E7586-6480-4F52-9D16-EDFC7BAA4A8A}.Debug|Any CPU.Build.0 = Debug|Any CPU
		{BF9E7586-6480-4F52-9D16-EDFC7BAA4A8A}.Release|Any CPU.ActiveCfg = Release|Any CPU
		{BF9E7586-6480-4F52-9D16-EDFC7BAA4A8A}.Release|Any CPU.Build.0 = Release|Any CPU
		{B081F819-15D1-4E9D-86DC-7967E1B4B86C}.Debug|Any CPU.ActiveCfg = Debug|Any CPU
		{B081F819-15D1-4E9D-86DC-7967E1B4B86C}.Debug|Any CPU.Build.0 = Debug|Any CPU
		{B081F819-15D1-4E9D-86DC-7967E1B4B86C}.Release|Any CPU.ActiveCfg = Release|Any CPU
		{B081F819-15D1-4E9D-86DC-7967E1B4B86C}.Release|Any CPU.Build.0 = Release|Any CPU
		{D1D98321-B082-4CD5-8B47-04DAB05ECB82}.Debug|Any CPU.ActiveCfg = Debug|Any CPU
		{D1D98321-B082-4CD5-8B47-04DAB05ECB82}.Debug|Any CPU.Build.0 = Debug|Any CPU
		{D1D98321-B082-4CD5-8B47-04DAB05ECB82}.Release|Any CPU.ActiveCfg = Release|Any CPU
		{D1D98321-B082-4CD5-8B47-04DAB05ECB82}.Release|Any CPU.Build.0 = Release|Any CPU
		{92B051BE-665B-4537-A58B-F4CA067CA1D0}.Debug|Any CPU.ActiveCfg = Debug|Any CPU
		{92B051BE-665B-4537-A58B-F4CA067CA1D0}.Debug|Any CPU.Build.0 = Debug|Any CPU
		{92B051BE-665B-4537-A58B-F4CA067CA1D0}.Release|Any CPU.ActiveCfg = Release|Any CPU
		{92B051BE-665B-4537-A58B-F4CA067CA1D0}.Release|Any CPU.Build.0 = Release|Any CPU
		{341C6A43-C7DC-4108-AC03-050BED779FB4}.Debug|Any CPU.ActiveCfg = Debug|Any CPU
		{341C6A43-C7DC-4108-AC03-050BED779FB4}.Debug|Any CPU.Build.0 = Debug|Any CPU
		{341C6A43-C7DC-4108-AC03-050BED779FB4}.Release|Any CPU.ActiveCfg = Release|Any CPU
		{341C6A43-C7DC-4108-AC03-050BED779FB4}.Release|Any CPU.Build.0 = Release|Any CPU
		{0B43F594-0A67-4B4E-AC62-763BC73D389A}.Debug|Any CPU.ActiveCfg = Debug|Any CPU
		{0B43F594-0A67-4B4E-AC62-763BC73D389A}.Debug|Any CPU.Build.0 = Debug|Any CPU
		{0B43F594-0A67-4B4E-AC62-763BC73D389A}.Release|Any CPU.ActiveCfg = Release|Any CPU
		{0B43F594-0A67-4B4E-AC62-763BC73D389A}.Release|Any CPU.Build.0 = Release|Any CPU
		{53AA79BF-C0A8-473D-858F-569789856E6E}.Debug|Any CPU.ActiveCfg = Debug|Any CPU
		{53AA79BF-C0A8-473D-858F-569789856E6E}.Debug|Any CPU.Build.0 = Debug|Any CPU
		{53AA79BF-C0A8-473D-858F-569789856E6E}.Release|Any CPU.ActiveCfg = Release|Any CPU
		{53AA79BF-C0A8-473D-858F-569789856E6E}.Release|Any CPU.Build.0 = Release|Any CPU
		{655608B3-9B67-4E4B-B0CC-1657F9163D69}.Debug|Any CPU.ActiveCfg = Debug|Any CPU
		{655608B3-9B67-4E4B-B0CC-1657F9163D69}.Debug|Any CPU.Build.0 = Debug|Any CPU
		{655608B3-9B67-4E4B-B0CC-1657F9163D69}.Release|Any CPU.ActiveCfg = Release|Any CPU
		{655608B3-9B67-4E4B-B0CC-1657F9163D69}.Release|Any CPU.Build.0 = Release|Any CPU
		{6E4FE3AE-C2E4-4871-AB1E-135520266529}.Debug|Any CPU.ActiveCfg = Debug|Any CPU
		{6E4FE3AE-C2E4-4871-AB1E-135520266529}.Debug|Any CPU.Build.0 = Debug|Any CPU
		{6E4FE3AE-C2E4-4871-AB1E-135520266529}.Release|Any CPU.ActiveCfg = Release|Any CPU
		{6E4FE3AE-C2E4-4871-AB1E-135520266529}.Release|Any CPU.Build.0 = Release|Any CPU
		{1F279659-882B-4185-8CE3-B453B909A9D3}.Debug|Any CPU.ActiveCfg = Debug|Any CPU
		{1F279659-882B-4185-8CE3-B453B909A9D3}.Debug|Any CPU.Build.0 = Debug|Any CPU
		{1F279659-882B-4185-8CE3-B453B909A9D3}.Release|Any CPU.ActiveCfg = Release|Any CPU
		{1F279659-882B-4185-8CE3-B453B909A9D3}.Release|Any CPU.Build.0 = Release|Any CPU
		{FD5A61F5-E4EE-4D88-A2F1-E7BB1E6D510A}.Debug|Any CPU.ActiveCfg = Debug|Any CPU
		{FD5A61F5-E4EE-4D88-A2F1-E7BB1E6D510A}.Debug|Any CPU.Build.0 = Debug|Any CPU
		{FD5A61F5-E4EE-4D88-A2F1-E7BB1E6D510A}.Release|Any CPU.ActiveCfg = Release|Any CPU
		{FD5A61F5-E4EE-4D88-A2F1-E7BB1E6D510A}.Release|Any CPU.Build.0 = Release|Any CPU
	EndGlobalSection
	GlobalSection(SolutionProperties) = preSolution
		HideSolutionNode = FALSE
	EndGlobalSection
	GlobalSection(ExtensibilityGlobals) = postSolution
		SolutionGuid = {2B299E68-4C36-473A-977A-C97048E36606}
	EndGlobalSection
EndGlobal
