
Microsoft Visual Studio Solution File, Format Version 12.00
# Visual Studio Version 17
VisualStudioVersion = 17.2.32630.192
MinimumVisualStudioVersion = 10.0.40219.1
Project("{9A19103F-16F7-4668-BE54-9A1E7A4F7556}") = "D8S.L0017.Construction", "D8S.L0017.Construction\D8S.L0017.Construction.csproj", "{E38C15DB-CBCA-4526-BA99-2E3840F9B318}"
EndProject
Project("{9A19103F-16F7-4668-BE54-9A1E7A4F7556}") = "D8S.L0017", "D8S.L0017\D8S.L0017.csproj", "{0E80A0FB-173D-4497-894D-8A11468C35EF}"
EndProject
Project("{2150E333-8FDC-42A3-9474-1A3956D46DE8}") = "_Dependencies", "_Dependencies", "{C6FA376E-B4AB-4F72-95E1-35E1D8B64022}"
EndProject
Project("{9A19103F-16F7-4668-BE54-9A1E7A4F7556}") = "D8S.L0017.F000", "D8S.L0017.F000\D8S.L0017.F000.csproj", "{D9E9B72D-C92A-4D0D-B87C-EED6883DF42C}"
EndProject
Project("{9A19103F-16F7-4668-BE54-9A1E7A4F7556}") = "D8S.L0017.L000", "D8S.L0017.L000\D8S.L0017.L000.csproj", "{8D1F12BF-238E-482F-ADE7-18A0EF45D658}"
EndProject
Project("{9A19103F-16F7-4668-BE54-9A1E7A4F7556}") = "D8S.L0017.L001", "D8S.L0017.L001\D8S.L0017.L001.csproj", "{1CC65E83-41D2-4264-BC75-E1A8D23BF3AD}"
EndProject
Project("{9A19103F-16F7-4668-BE54-9A1E7A4F7556}") = "D8S.L0017.Z000", "D8S.L0017.Z000\D8S.L0017.Z000.csproj", "{B387B531-26DE-4323-AE69-CA9AD7BD424F}"
EndProject
Project("{9A19103F-16F7-4668-BE54-9A1E7A4F7556}") = "D8S.Y0002.Y000", "..\..\D8S.Y0002\source\D8S.Y0002.Y000\D8S.Y0002.Y000.csproj", "{3BA6E59A-4797-4A71-9FA7-84154CBCB31A}"
EndProject
Project("{9A19103F-16F7-4668-BE54-9A1E7A4F7556}") = "F10Y.L0000", "..\..\..\Functionairy\F10Y.L0000\source\F10Y.L0000\F10Y.L0000.csproj", "{8997AA8D-35BD-4977-A52A-0B250E81C34E}"
EndProject
Project("{9A19103F-16F7-4668-BE54-9A1E7A4F7556}") = "F10Y.T0000", "..\..\..\Functionairy\F10Y.T0000\source\F10Y.T0000\F10Y.T0000.csproj", "{5AC8CF91-6CA4-46A0-A626-06BAAE15B206}"
EndProject
Project("{9A19103F-16F7-4668-BE54-9A1E7A4F7556}") = "F10Y.T0001", "..\..\..\Functionairy\F10Y.T0001\source\F10Y.T0001\F10Y.T0001.csproj", "{1AC96EDC-3967-4069-A68F-F267CB098C2E}"
EndProject
Project("{9A19103F-16F7-4668-BE54-9A1E7A4F7556}") = "F10Y.T0002", "..\..\..\Functionairy\F10Y.T0002\source\F10Y.T0002\F10Y.T0002.csproj", "{4C8FDFAA-6B5E-4ACC-A943-0A54B17FF786}"
EndProject
Project("{9A19103F-16F7-4668-BE54-9A1E7A4F7556}") = "F10Y.T0003", "..\..\..\Functionairy\F10Y.T0003\source\F10Y.T0003\F10Y.T0003.csproj", "{140BA1C1-6CA6-4C94-8622-0F4107DBAFB8}"
EndProject
Project("{9A19103F-16F7-4668-BE54-9A1E7A4F7556}") = "F10Y.T0004", "..\..\..\Functionairy\F10Y.T0004\source\F10Y.T0004\F10Y.T0004.csproj", "{B644502E-8E67-4C32-B57C-59F60F233F6F}"
EndProject
Project("{9A19103F-16F7-4668-BE54-9A1E7A4F7556}") = "F10Y.Y0000", "..\..\..\Functionairy\F10Y.Y0000\source\F10Y.Y0000\F10Y.Y0000.csproj", "{CA7CA33A-4F8E-48B6-9572-7ADCA802E543}"
EndProject
Project("{9A19103F-16F7-4668-BE54-9A1E7A4F7556}") = "R5T.T0131", "..\..\..\SafetyCone\R5T.T0131\source\R5T.T0131\R5T.T0131.csproj", "{2DC50D58-AF93-4491-8AB5-E5EDA83E922A}"
EndProject
Project("{9A19103F-16F7-4668-BE54-9A1E7A4F7556}") = "R5T.T0132", "..\..\..\SafetyCone\R5T.T0132\source\R5T.T0132\R5T.T0132.csproj", "{0AB0DB8A-7BE4-4AC4-AC7E-B0AC6C96E993}"
EndProject
Project("{9A19103F-16F7-4668-BE54-9A1E7A4F7556}") = "R5T.T0143", "..\..\..\SafetyCone\R5T.T0143\source\R5T.T0143\R5T.T0143.csproj", "{3747F395-5932-4846-8944-3A375DC5D4D6}"
EndProject
Project("{9A19103F-16F7-4668-BE54-9A1E7A4F7556}") = "R5T.T0156", "..\..\..\SafetyCone\R5T.T0156\source\R5T.T0156\R5T.T0156.csproj", "{06EFA4D2-A184-455C-B5C3-6C92C285B17A}"
EndProject
Global
	GlobalSection(NestedProjects) = preSolution
		{D9E9B72D-C92A-4D0D-B87C-EED6883DF42C} = {C6FA376E-B4AB-4F72-95E1-35E1D8B64022}
		{8D1F12BF-238E-482F-ADE7-18A0EF45D658} = {C6FA376E-B4AB-4F72-95E1-35E1D8B64022}
		{1CC65E83-41D2-4264-BC75-E1A8D23BF3AD} = {C6FA376E-B4AB-4F72-95E1-35E1D8B64022}
		{B387B531-26DE-4323-AE69-CA9AD7BD424F} = {C6FA376E-B4AB-4F72-95E1-35E1D8B64022}
		{3BA6E59A-4797-4A71-9FA7-84154CBCB31A} = {C6FA376E-B4AB-4F72-95E1-35E1D8B64022}
		{8997AA8D-35BD-4977-A52A-0B250E81C34E} = {C6FA376E-B4AB-4F72-95E1-35E1D8B64022}
		{5AC8CF91-6CA4-46A0-A626-06BAAE15B206} = {C6FA376E-B4AB-4F72-95E1-35E1D8B64022}
		{1AC96EDC-3967-4069-A68F-F267CB098C2E} = {C6FA376E-B4AB-4F72-95E1-35E1D8B64022}
		{4C8FDFAA-6B5E-4ACC-A943-0A54B17FF786} = {C6FA376E-B4AB-4F72-95E1-35E1D8B64022}
		{140BA1C1-6CA6-4C94-8622-0F4107DBAFB8} = {C6FA376E-B4AB-4F72-95E1-35E1D8B64022}
		{B644502E-8E67-4C32-B57C-59F60F233F6F} = {C6FA376E-B4AB-4F72-95E1-35E1D8B64022}
		{CA7CA33A-4F8E-48B6-9572-7ADCA802E543} = {C6FA376E-B4AB-4F72-95E1-35E1D8B64022}
		{2DC50D58-AF93-4491-8AB5-E5EDA83E922A} = {C6FA376E-B4AB-4F72-95E1-35E1D8B64022}
		{0AB0DB8A-7BE4-4AC4-AC7E-B0AC6C96E993} = {C6FA376E-B4AB-4F72-95E1-35E1D8B64022}
		{3747F395-5932-4846-8944-3A375DC5D4D6} = {C6FA376E-B4AB-4F72-95E1-35E1D8B64022}
		{06EFA4D2-A184-455C-B5C3-6C92C285B17A} = {C6FA376E-B4AB-4F72-95E1-35E1D8B64022}
	EndGlobalSection
	GlobalSection(SolutionConfigurationPlatforms) = preSolution
		Debug|Any CPU = Debug|Any CPU
		Release|Any CPU = Release|Any CPU
	EndGlobalSection
	GlobalSection(ProjectConfigurationPlatforms) = postSolution
		{E38C15DB-CBCA-4526-BA99-2E3840F9B318}.Debug|Any CPU.ActiveCfg = Debug|Any CPU
		{E38C15DB-CBCA-4526-BA99-2E3840F9B318}.Debug|Any CPU.Build.0 = Debug|Any CPU
		{E38C15DB-CBCA-4526-BA99-2E3840F9B318}.Release|Any CPU.ActiveCfg = Release|Any CPU
		{E38C15DB-CBCA-4526-BA99-2E3840F9B318}.Release|Any CPU.Build.0 = Release|Any CPU
		{0E80A0FB-173D-4497-894D-8A11468C35EF}.Debug|Any CPU.ActiveCfg = Debug|Any CPU
		{0E80A0FB-173D-4497-894D-8A11468C35EF}.Debug|Any CPU.Build.0 = Debug|Any CPU
		{0E80A0FB-173D-4497-894D-8A11468C35EF}.Release|Any CPU.ActiveCfg = Release|Any CPU
		{0E80A0FB-173D-4497-894D-8A11468C35EF}.Release|Any CPU.Build.0 = Release|Any CPU
		{D9E9B72D-C92A-4D0D-B87C-EED6883DF42C}.Debug|Any CPU.ActiveCfg = Debug|Any CPU
		{D9E9B72D-C92A-4D0D-B87C-EED6883DF42C}.Debug|Any CPU.Build.0 = Debug|Any CPU
		{D9E9B72D-C92A-4D0D-B87C-EED6883DF42C}.Release|Any CPU.ActiveCfg = Release|Any CPU
		{D9E9B72D-C92A-4D0D-B87C-EED6883DF42C}.Release|Any CPU.Build.0 = Release|Any CPU
		{8D1F12BF-238E-482F-ADE7-18A0EF45D658}.Debug|Any CPU.ActiveCfg = Debug|Any CPU
		{8D1F12BF-238E-482F-ADE7-18A0EF45D658}.Debug|Any CPU.Build.0 = Debug|Any CPU
		{8D1F12BF-238E-482F-ADE7-18A0EF45D658}.Release|Any CPU.ActiveCfg = Release|Any CPU
		{8D1F12BF-238E-482F-ADE7-18A0EF45D658}.Release|Any CPU.Build.0 = Release|Any CPU
		{1CC65E83-41D2-4264-BC75-E1A8D23BF3AD}.Debug|Any CPU.ActiveCfg = Debug|Any CPU
		{1CC65E83-41D2-4264-BC75-E1A8D23BF3AD}.Debug|Any CPU.Build.0 = Debug|Any CPU
		{1CC65E83-41D2-4264-BC75-E1A8D23BF3AD}.Release|Any CPU.ActiveCfg = Release|Any CPU
		{1CC65E83-41D2-4264-BC75-E1A8D23BF3AD}.Release|Any CPU.Build.0 = Release|Any CPU
		{B387B531-26DE-4323-AE69-CA9AD7BD424F}.Debug|Any CPU.ActiveCfg = Debug|Any CPU
		{B387B531-26DE-4323-AE69-CA9AD7BD424F}.Debug|Any CPU.Build.0 = Debug|Any CPU
		{B387B531-26DE-4323-AE69-CA9AD7BD424F}.Release|Any CPU.ActiveCfg = Release|Any CPU
		{B387B531-26DE-4323-AE69-CA9AD7BD424F}.Release|Any CPU.Build.0 = Release|Any CPU
		{3BA6E59A-4797-4A71-9FA7-84154CBCB31A}.Debug|Any CPU.ActiveCfg = Debug|Any CPU
		{3BA6E59A-4797-4A71-9FA7-84154CBCB31A}.Debug|Any CPU.Build.0 = Debug|Any CPU
		{3BA6E59A-4797-4A71-9FA7-84154CBCB31A}.Release|Any CPU.ActiveCfg = Release|Any CPU
		{3BA6E59A-4797-4A71-9FA7-84154CBCB31A}.Release|Any CPU.Build.0 = Release|Any CPU
		{8997AA8D-35BD-4977-A52A-0B250E81C34E}.Debug|Any CPU.ActiveCfg = Debug|Any CPU
		{8997AA8D-35BD-4977-A52A-0B250E81C34E}.Debug|Any CPU.Build.0 = Debug|Any CPU
		{8997AA8D-35BD-4977-A52A-0B250E81C34E}.Release|Any CPU.ActiveCfg = Release|Any CPU
		{8997AA8D-35BD-4977-A52A-0B250E81C34E}.Release|Any CPU.Build.0 = Release|Any CPU
		{5AC8CF91-6CA4-46A0-A626-06BAAE15B206}.Debug|Any CPU.ActiveCfg = Debug|Any CPU
		{5AC8CF91-6CA4-46A0-A626-06BAAE15B206}.Debug|Any CPU.Build.0 = Debug|Any CPU
		{5AC8CF91-6CA4-46A0-A626-06BAAE15B206}.Release|Any CPU.ActiveCfg = Release|Any CPU
		{5AC8CF91-6CA4-46A0-A626-06BAAE15B206}.Release|Any CPU.Build.0 = Release|Any CPU
		{1AC96EDC-3967-4069-A68F-F267CB098C2E}.Debug|Any CPU.ActiveCfg = Debug|Any CPU
		{1AC96EDC-3967-4069-A68F-F267CB098C2E}.Debug|Any CPU.Build.0 = Debug|Any CPU
		{1AC96EDC-3967-4069-A68F-F267CB098C2E}.Release|Any CPU.ActiveCfg = Release|Any CPU
		{1AC96EDC-3967-4069-A68F-F267CB098C2E}.Release|Any CPU.Build.0 = Release|Any CPU
		{4C8FDFAA-6B5E-4ACC-A943-0A54B17FF786}.Debug|Any CPU.ActiveCfg = Debug|Any CPU
		{4C8FDFAA-6B5E-4ACC-A943-0A54B17FF786}.Debug|Any CPU.Build.0 = Debug|Any CPU
		{4C8FDFAA-6B5E-4ACC-A943-0A54B17FF786}.Release|Any CPU.ActiveCfg = Release|Any CPU
		{4C8FDFAA-6B5E-4ACC-A943-0A54B17FF786}.Release|Any CPU.Build.0 = Release|Any CPU
		{140BA1C1-6CA6-4C94-8622-0F4107DBAFB8}.Debug|Any CPU.ActiveCfg = Debug|Any CPU
		{140BA1C1-6CA6-4C94-8622-0F4107DBAFB8}.Debug|Any CPU.Build.0 = Debug|Any CPU
		{140BA1C1-6CA6-4C94-8622-0F4107DBAFB8}.Release|Any CPU.ActiveCfg = Release|Any CPU
		{140BA1C1-6CA6-4C94-8622-0F4107DBAFB8}.Release|Any CPU.Build.0 = Release|Any CPU
		{B644502E-8E67-4C32-B57C-59F60F233F6F}.Debug|Any CPU.ActiveCfg = Debug|Any CPU
		{B644502E-8E67-4C32-B57C-59F60F233F6F}.Debug|Any CPU.Build.0 = Debug|Any CPU
		{B644502E-8E67-4C32-B57C-59F60F233F6F}.Release|Any CPU.ActiveCfg = Release|Any CPU
		{B644502E-8E67-4C32-B57C-59F60F233F6F}.Release|Any CPU.Build.0 = Release|Any CPU
		{CA7CA33A-4F8E-48B6-9572-7ADCA802E543}.Debug|Any CPU.ActiveCfg = Debug|Any CPU
		{CA7CA33A-4F8E-48B6-9572-7ADCA802E543}.Debug|Any CPU.Build.0 = Debug|Any CPU
		{CA7CA33A-4F8E-48B6-9572-7ADCA802E543}.Release|Any CPU.ActiveCfg = Release|Any CPU
		{CA7CA33A-4F8E-48B6-9572-7ADCA802E543}.Release|Any CPU.Build.0 = Release|Any CPU
		{2DC50D58-AF93-4491-8AB5-E5EDA83E922A}.Debug|Any CPU.ActiveCfg = Debug|Any CPU
		{2DC50D58-AF93-4491-8AB5-E5EDA83E922A}.Debug|Any CPU.Build.0 = Debug|Any CPU
		{2DC50D58-AF93-4491-8AB5-E5EDA83E922A}.Release|Any CPU.ActiveCfg = Release|Any CPU
		{2DC50D58-AF93-4491-8AB5-E5EDA83E922A}.Release|Any CPU.Build.0 = Release|Any CPU
		{0AB0DB8A-7BE4-4AC4-AC7E-B0AC6C96E993}.Debug|Any CPU.ActiveCfg = Debug|Any CPU
		{0AB0DB8A-7BE4-4AC4-AC7E-B0AC6C96E993}.Debug|Any CPU.Build.0 = Debug|Any CPU
		{0AB0DB8A-7BE4-4AC4-AC7E-B0AC6C96E993}.Release|Any CPU.ActiveCfg = Release|Any CPU
		{0AB0DB8A-7BE4-4AC4-AC7E-B0AC6C96E993}.Release|Any CPU.Build.0 = Release|Any CPU
		{3747F395-5932-4846-8944-3A375DC5D4D6}.Debug|Any CPU.ActiveCfg = Debug|Any CPU
		{3747F395-5932-4846-8944-3A375DC5D4D6}.Debug|Any CPU.Build.0 = Debug|Any CPU
		{3747F395-5932-4846-8944-3A375DC5D4D6}.Release|Any CPU.ActiveCfg = Release|Any CPU
		{3747F395-5932-4846-8944-3A375DC5D4D6}.Release|Any CPU.Build.0 = Release|Any CPU
		{06EFA4D2-A184-455C-B5C3-6C92C285B17A}.Debug|Any CPU.ActiveCfg = Debug|Any CPU
		{06EFA4D2-A184-455C-B5C3-6C92C285B17A}.Debug|Any CPU.Build.0 = Debug|Any CPU
		{06EFA4D2-A184-455C-B5C3-6C92C285B17A}.Release|Any CPU.ActiveCfg = Release|Any CPU
		{06EFA4D2-A184-455C-B5C3-6C92C285B17A}.Release|Any CPU.Build.0 = Release|Any CPU
	EndGlobalSection
	GlobalSection(SolutionProperties) = preSolution
		HideSolutionNode = FALSE
	EndGlobalSection
	GlobalSection(ExtensibilityGlobals) = postSolution
		SolutionGuid = {1570B8C1-75B2-4E76-96FC-9B15C2B20B3F}
	EndGlobalSection
EndGlobal
